
Microsoft Visual Studio Solution File, Format Version 12.00
# Visual Studio 2017
Project("{FAE04EC0-301F-11D3-BF4B-00C04F79EFBC}") = "Shootblock Unity", "Shootblock Unity.csproj", "{B39F6844-8D72-27DF-BADD-583F0F29017D}"
EndProject
Project("{FAE04EC0-301F-11D3-BF4B-00C04F79EFBC}") = "Shootblock Unity.Editor", "Shootblock Unity.Editor.csproj", "{1C0AF04D-2498-215B-E5FD-34562157010E}"
EndProject
Global
	GlobalSection(SolutionConfigurationPlatforms) = preSolution
		Debug|Any CPU = Debug|Any CPU
		Release|Any CPU = Release|Any CPU
	EndGlobalSection
	GlobalSection(ProjectConfigurationPlatforms) = postSolution
		{B39F6844-8D72-27DF-BADD-583F0F29017D}.Debug|Any CPU.ActiveCfg = Debug|Any CPU
		{B39F6844-8D72-27DF-BADD-583F0F29017D}.Debug|Any CPU.Build.0 = Debug|Any CPU
		{B39F6844-8D72-27DF-BADD-583F0F29017D}.Release|Any CPU.ActiveCfg = Release|Any CPU
		{B39F6844-8D72-27DF-BADD-583F0F29017D}.Release|Any CPU.Build.0 = Release|Any CPU
		{1C0AF04D-2498-215B-E5FD-34562157010E}.Debug|Any CPU.ActiveCfg = Debug|Any CPU
		{1C0AF04D-2498-215B-E5FD-34562157010E}.Debug|Any CPU.Build.0 = Debug|Any CPU
		{1C0AF04D-2498-215B-E5FD-34562157010E}.Release|Any CPU.ActiveCfg = Release|Any CPU
		{1C0AF04D-2498-215B-E5FD-34562157010E}.Release|Any CPU.Build.0 = Release|Any CPU
	EndGlobalSection
	GlobalSection(SolutionProperties) = preSolution
		HideSolutionNode = FALSE
	EndGlobalSection
EndGlobal
